
Microsoft Visual Studio Solution File, Format Version 12.00
# Visual Studio 14
VisualStudioVersion = 14.0.25123.0
MinimumVisualStudioVersion = 10.0.40219.1
Project("{FAE04EC0-301F-11D3-BF4B-00C04F79EFBC}") = "HandlingMixer", "HandlingMixer\HandlingMixer.csproj", "{131BE88D-FE21-416C-BB24-A79481AC088D}"
EndProject
Project("{FAE04EC0-301F-11D3-BF4B-00C04F79EFBC}") = "HandlingMixerTests", "HandlingMixerTests\HandlingMixerTests.csproj", "{69869123-FBD7-4CB1-8D47-836E2FA93F85}"
EndProject
Global
	GlobalSection(SolutionConfigurationPlatforms) = preSolution
		Debug|Any CPU = Debug|Any CPU
		Release|Any CPU = Release|Any CPU
	EndGlobalSection
	GlobalSection(ProjectConfigurationPlatforms) = postSolution
		{131BE88D-FE21-416C-BB24-A79481AC088D}.Debug|Any CPU.ActiveCfg = Debug|Any CPU
		{131BE88D-FE21-416C-BB24-A79481AC088D}.Debug|Any CPU.Build.0 = Debug|Any CPU
		{131BE88D-FE21-416C-BB24-A79481AC088D}.Release|Any CPU.ActiveCfg = Release|Any CPU
		{131BE88D-FE21-416C-BB24-A79481AC088D}.Release|Any CPU.Build.0 = Release|Any CPU
		{69869123-FBD7-4CB1-8D47-836E2FA93F85}.Debug|Any CPU.ActiveCfg = Debug|Any CPU
		{69869123-FBD7-4CB1-8D47-836E2FA93F85}.Debug|Any CPU.Build.0 = Debug|Any CPU
		{69869123-FBD7-4CB1-8D47-836E2FA93F85}.Release|Any CPU.ActiveCfg = Release|Any CPU
		{69869123-FBD7-4CB1-8D47-836E2FA93F85}.Release|Any CPU.Build.0 = Release|Any CPU
	EndGlobalSection
	GlobalSection(SolutionProperties) = preSolution
		HideSolutionNode = FALSE
	EndGlobalSection
EndGlobal
